
Microsoft Visual Studio Solution File, Format Version 11.00
# Visual Studio 2010
Project("{FAE04EC0-301F-11D3-BF4B-00C04F79EFBC}") = "DeepCore", "DeepCore\DeepCore.csproj", "{B387A51D-D536-4731-99C5-5F91A0F06AC8}"
EndProject
Global
	GlobalSection(SolutionConfigurationPlatforms) = preSolution
		Debug|Any CPU = Debug|Any CPU
		Release|Any CPU = Release|Any CPU
	EndGlobalSection
	GlobalSection(ProjectConfigurationPlatforms) = postSolution
		{B387A51D-D536-4731-99C5-5F91A0F06AC8}.Debug|Any CPU.ActiveCfg = Debug|Any CPU
		{B387A51D-D536-4731-99C5-5F91A0F06AC8}.Debug|Any CPU.Build.0 = Debug|Any CPU
		{B387A51D-D536-4731-99C5-5F91A0F06AC8}.Release|Any CPU.ActiveCfg = Release|Any CPU
		{B387A51D-D536-4731-99C5-5F91A0F06AC8}.Release|Any CPU.Build.0 = Release|Any CPU
	EndGlobalSection
	GlobalSection(SolutionProperties) = preSolution
		HideSolutionNode = FALSE
	EndGlobalSection
EndGlobal
